
Microsoft Visual Studio Solution File, Format Version 12.00
# Visual Studio Version 16
VisualStudioVersion = 16.0.30907.101
MinimumVisualStudioVersion = 10.0.40219.1
Project("{FAE04EC0-301F-11D3-BF4B-00C04F79EFBC}") = "Assignment", "Assignment\Assignment.csproj", "{C328A956-2D7C-4621-8928-B1DA2D610CC9}"
EndProject
Global
	GlobalSection(SolutionConfigurationPlatforms) = preSolution
		Debug|Any CPU = Debug|Any CPU
		Release|Any CPU = Release|Any CPU
	EndGlobalSection
	GlobalSection(ProjectConfigurationPlatforms) = postSolution
		{C328A956-2D7C-4621-8928-B1DA2D610CC9}.Debug|Any CPU.ActiveCfg = Debug|Any CPU
		{C328A956-2D7C-4621-8928-B1DA2D610CC9}.Debug|Any CPU.Build.0 = Debug|Any CPU
		{C328A956-2D7C-4621-8928-B1DA2D610CC9}.Release|Any CPU.ActiveCfg = Release|Any CPU
		{C328A956-2D7C-4621-8928-B1DA2D610CC9}.Release|Any CPU.Build.0 = Release|Any CPU
	EndGlobalSection
	GlobalSection(SolutionProperties) = preSolution
		HideSolutionNode = FALSE
	EndGlobalSection
	GlobalSection(ExtensibilityGlobals) = postSolution
		SolutionGuid = {A96299EA-5E76-49CB-BD2B-9F02BD896100}
	EndGlobalSection
EndGlobal
